
Microsoft Visual Studio Solution File, Format Version 12.00
# Visual Studio Version 17
VisualStudioVersion = 17.9.34728.123
MinimumVisualStudioVersion = 10.0.40219.1
Project("{2150E333-8FDC-42A3-9474-1A3956D46DE8}") = "Boostrapper", "Boostrapper", "{7A19125F-98B5-4799-86F5-B370957D2BE6}"
EndProject
Project("{2150E333-8FDC-42A3-9474-1A3956D46DE8}") = "Modules", "Modules", "{FE02EB16-244F-4032-9B6C-AE50BBE4A95D}"
EndProject
Project("{2150E333-8FDC-42A3-9474-1A3956D46DE8}") = "Shared", "Shared", "{CB4329A0-52E9-4ADF-B879-20FE8AA5DDE1}"
EndProject
Project("{9A19103F-16F7-4668-BE54-9A1E7A4F7556}") = "Api", "Boostrapper\Api\Api.csproj", "{C88FEE70-59BA-411D-961A-9F8B74430B4C}"
EndProject
Project("{2150E333-8FDC-42A3-9474-1A3956D46DE8}") = "Basket", "Basket", "{C09E7E32-2B3C-4AE5-AAE5-1BCBA523CD03}"
EndProject
Project("{2150E333-8FDC-42A3-9474-1A3956D46DE8}") = "Catalog", "Catalog", "{5905F0F4-779F-456C-80CE-B808A951FCCD}"
EndProject
Project("{2150E333-8FDC-42A3-9474-1A3956D46DE8}") = "Ordering", "Ordering", "{91DC78CF-F899-45DF-82D3-3F7CAD2DE216}"
EndProject
Project("{9A19103F-16F7-4668-BE54-9A1E7A4F7556}") = "Catalog", "Modules\Catalog\Catalog\Catalog.csproj", "{BB057F83-976A-43AC-B142-990677AA41CD}"
EndProject
Project("{9A19103F-16F7-4668-BE54-9A1E7A4F7556}") = "Basket", "Modules\Basket\Basket\Basket.csproj", "{F7A89BAD-AB2D-41B9-A154-7E0EB0D91A2F}"
EndProject
Project("{9A19103F-16F7-4668-BE54-9A1E7A4F7556}") = "Ordering", "Modules\Ordering\Ordering\Ordering.csproj", "{E1B55E69-699F-4D9E-BF59-95CEC4EADC08}"
EndProject
Project("{9A19103F-16F7-4668-BE54-9A1E7A4F7556}") = "Shared", "Shared\Shared\Shared.csproj", "{6BB746F3-59B7-42EC-8B96-54F729AF9344}"
EndProject
Project("{E53339B2-1760-4266-BCC7-CA923CBCF16C}") = "docker-compose", "docker-compose.dcproj", "{77C2E89B-EABD-4C4A-A218-4D112912672E}"
EndProject
Project("{9A19103F-16F7-4668-BE54-9A1E7A4F7556}") = "Catalog.Contracts", "Modules\Catalog\Catalog.Contracts\Catalog.Contracts.csproj", "{36BB85B8-227F-4298-8139-A54201D57AD1}"
EndProject
Project("{9A19103F-16F7-4668-BE54-9A1E7A4F7556}") = "Shared.Contracts", "Shared\Shared.Contracts\Shared.Contracts.csproj", "{F1F82724-C223-4F57-9E1A-60D5EB54F455}"
EndProject
Project("{FAE04EC0-301F-11D3-BF4B-00C04F79EFBC}") = "Shared.Messaging", "Shared\Shared.Messaging\Shared.Messaging.csproj", "{FCCF17EF-F457-43A6-894A-9723AC178CEA}"
EndProject
Global
	GlobalSection(SolutionConfigurationPlatforms) = preSolution
		Debug|Any CPU = Debug|Any CPU
		Release|Any CPU = Release|Any CPU
	EndGlobalSection
	GlobalSection(ProjectConfigurationPlatforms) = postSolution
		{C88FEE70-59BA-411D-961A-9F8B74430B4C}.Debug|Any CPU.ActiveCfg = Debug|Any CPU
		{C88FEE70-59BA-411D-961A-9F8B74430B4C}.Debug|Any CPU.Build.0 = Debug|Any CPU
		{C88FEE70-59BA-411D-961A-9F8B74430B4C}.Release|Any CPU.ActiveCfg = Release|Any CPU
		{C88FEE70-59BA-411D-961A-9F8B74430B4C}.Release|Any CPU.Build.0 = Release|Any CPU
		{BB057F83-976A-43AC-B142-990677AA41CD}.Debug|Any CPU.ActiveCfg = Debug|Any CPU
		{BB057F83-976A-43AC-B142-990677AA41CD}.Debug|Any CPU.Build.0 = Debug|Any CPU
		{BB057F83-976A-43AC-B142-990677AA41CD}.Release|Any CPU.ActiveCfg = Release|Any CPU
		{BB057F83-976A-43AC-B142-990677AA41CD}.Release|Any CPU.Build.0 = Release|Any CPU
		{F7A89BAD-AB2D-41B9-A154-7E0EB0D91A2F}.Debug|Any CPU.ActiveCfg = Debug|Any CPU
		{F7A89BAD-AB2D-41B9-A154-7E0EB0D91A2F}.Debug|Any CPU.Build.0 = Debug|Any CPU
		{F7A89BAD-AB2D-41B9-A154-7E0EB0D91A2F}.Release|Any CPU.ActiveCfg = Release|Any CPU
		{F7A89BAD-AB2D-41B9-A154-7E0EB0D91A2F}.Release|Any CPU.Build.0 = Release|Any CPU
		{E1B55E69-699F-4D9E-BF59-95CEC4EADC08}.Debug|Any CPU.ActiveCfg = Debug|Any CPU
		{E1B55E69-699F-4D9E-BF59-95CEC4EADC08}.Debug|Any CPU.Build.0 = Debug|Any CPU
		{E1B55E69-699F-4D9E-BF59-95CEC4EADC08}.Release|Any CPU.ActiveCfg = Release|Any CPU
		{E1B55E69-699F-4D9E-BF59-95CEC4EADC08}.Release|Any CPU.Build.0 = Release|Any CPU
		{6BB746F3-59B7-42EC-8B96-54F729AF9344}.Debug|Any CPU.ActiveCfg = Debug|Any CPU
		{6BB746F3-59B7-42EC-8B96-54F729AF9344}.Debug|Any CPU.Build.0 = Debug|Any CPU
		{6BB746F3-59B7-42EC-8B96-54F729AF9344}.Release|Any CPU.ActiveCfg = Release|Any CPU
		{6BB746F3-59B7-42EC-8B96-54F729AF9344}.Release|Any CPU.Build.0 = Release|Any CPU
		{77C2E89B-EABD-4C4A-A218-4D112912672E}.Debug|Any CPU.ActiveCfg = Debug|Any CPU
		{77C2E89B-EABD-4C4A-A218-4D112912672E}.Debug|Any CPU.Build.0 = Debug|Any CPU
		{77C2E89B-EABD-4C4A-A218-4D112912672E}.Release|Any CPU.ActiveCfg = Release|Any CPU
		{77C2E89B-EABD-4C4A-A218-4D112912672E}.Release|Any CPU.Build.0 = Release|Any CPU
		{36BB85B8-227F-4298-8139-A54201D57AD1}.Debug|Any CPU.ActiveCfg = Debug|Any CPU
		{36BB85B8-227F-4298-8139-A54201D57AD1}.Debug|Any CPU.Build.0 = Debug|Any CPU
		{36BB85B8-227F-4298-8139-A54201D57AD1}.Release|Any CPU.ActiveCfg = Release|Any CPU
		{36BB85B8-227F-4298-8139-A54201D57AD1}.Release|Any CPU.Build.0 = Release|Any CPU
		{F1F82724-C223-4F57-9E1A-60D5EB54F455}.Debug|Any CPU.ActiveCfg = Debug|Any CPU
		{F1F82724-C223-4F57-9E1A-60D5EB54F455}.Debug|Any CPU.Build.0 = Debug|Any CPU
		{F1F82724-C223-4F57-9E1A-60D5EB54F455}.Release|Any CPU.ActiveCfg = Release|Any CPU
		{F1F82724-C223-4F57-9E1A-60D5EB54F455}.Release|Any CPU.Build.0 = Release|Any CPU
		{FCCF17EF-F457-43A6-894A-9723AC178CEA}.Debug|Any CPU.ActiveCfg = Debug|Any CPU
		{FCCF17EF-F457-43A6-894A-9723AC178CEA}.Debug|Any CPU.Build.0 = Debug|Any CPU
		{FCCF17EF-F457-43A6-894A-9723AC178CEA}.Release|Any CPU.ActiveCfg = Release|Any CPU
		{FCCF17EF-F457-43A6-894A-9723AC178CEA}.Release|Any CPU.Build.0 = Release|Any CPU
	EndGlobalSection
	GlobalSection(SolutionProperties) = preSolution
		HideSolutionNode = FALSE
	EndGlobalSection
	GlobalSection(NestedProjects) = preSolution
		{C88FEE70-59BA-411D-961A-9F8B74430B4C} = {7A19125F-98B5-4799-86F5-B370957D2BE6}
		{C09E7E32-2B3C-4AE5-AAE5-1BCBA523CD03} = {FE02EB16-244F-4032-9B6C-AE50BBE4A95D}
		{5905F0F4-779F-456C-80CE-B808A951FCCD} = {FE02EB16-244F-4032-9B6C-AE50BBE4A95D}
		{91DC78CF-F899-45DF-82D3-3F7CAD2DE216} = {FE02EB16-244F-4032-9B6C-AE50BBE4A95D}
		{BB057F83-976A-43AC-B142-990677AA41CD} = {5905F0F4-779F-456C-80CE-B808A951FCCD}
		{F7A89BAD-AB2D-41B9-A154-7E0EB0D91A2F} = {C09E7E32-2B3C-4AE5-AAE5-1BCBA523CD03}
		{E1B55E69-699F-4D9E-BF59-95CEC4EADC08} = {91DC78CF-F899-45DF-82D3-3F7CAD2DE216}
		{6BB746F3-59B7-42EC-8B96-54F729AF9344} = {CB4329A0-52E9-4ADF-B879-20FE8AA5DDE1}
		{36BB85B8-227F-4298-8139-A54201D57AD1} = {5905F0F4-779F-456C-80CE-B808A951FCCD}
		{F1F82724-C223-4F57-9E1A-60D5EB54F455} = {CB4329A0-52E9-4ADF-B879-20FE8AA5DDE1}
		{FCCF17EF-F457-43A6-894A-9723AC178CEA} = {CB4329A0-52E9-4ADF-B879-20FE8AA5DDE1}
	EndGlobalSection
	GlobalSection(ExtensibilityGlobals) = postSolution
		SolutionGuid = {432C8923-499F-437D-9626-96DE02000C14}
	EndGlobalSection
EndGlobal
